
Microsoft Visual Studio Solution File, Format Version 12.00
# Visual Studio Version 17
VisualStudioVersion = 17.5.002.0
MinimumVisualStudioVersion = 10.0.40219.1
Project("{2150E333-8FDC-42A3-9474-1A3956D46DE8}") = "csharp-prep", "csharp-prep", "{37411C09-7786-410C-9158-D9135977AB92}"
EndProject
Project("{9A19103F-16F7-4668-BE54-9A1E7A4F7556}") = "Prep1", "csharp-prep\Prep1\Prep1.csproj", "{26EFFF81-79DB-4226-8DDA-60B6797254F5}"
EndProject
Project("{9A19103F-16F7-4668-BE54-9A1E7A4F7556}") = "Prep2", "csharp-prep\Prep2\Prep2.csproj", "{2F9C8D2A-B834-4436-BB54-1EFD147F7EAA}"
EndProject
Project("{9A19103F-16F7-4668-BE54-9A1E7A4F7556}") = "Prep3", "csharp-prep\Prep3\Prep3.csproj", "{47A9DDD3-C23E-456B-93C6-1D826525E101}"
EndProject
Project("{9A19103F-16F7-4668-BE54-9A1E7A4F7556}") = "Prep4", "csharp-prep\Prep4\Prep4.csproj", "{913609C7-50B5-4611-BA8F-DDAF8F346158}"
EndProject
Project("{9A19103F-16F7-4668-BE54-9A1E7A4F7556}") = "Prep5", "csharp-prep\Prep5\Prep5.csproj", "{0435BE81-EF2A-4ACB-9FBE-E01F75787828}"
EndProject
Project("{2150E333-8FDC-42A3-9474-1A3956D46DE8}") = "final", "final", "{94F2E505-A928-4EF2-8D14-8D1B6A6508B7}"
EndProject
Project("{9A19103F-16F7-4668-BE54-9A1E7A4F7556}") = "FinalProject", "final\FinalProject\FinalProject.csproj", "{38CB0201-5CD5-46EA-9AD8-EAD8AFEA89E9}"
EndProject
Project("{9A19103F-16F7-4668-BE54-9A1E7A4F7556}") = "Foundation1", "final\Foundation1\Foundation1.csproj", "{CCB12541-1A25-4A54-A22F-C06F67D55BCE}"
EndProject
Project("{9A19103F-16F7-4668-BE54-9A1E7A4F7556}") = "Foundation2", "final\Foundation2\Foundation2.csproj", "{D8C773C8-1329-4FDE-B9A4-0D4B5B4CD342}"
EndProject
Project("{9A19103F-16F7-4668-BE54-9A1E7A4F7556}") = "Foundation3", "final\Foundation3\Foundation3.csproj", "{FC47064A-5B13-4062-A663-F109C6ED10BD}"
EndProject
Project("{9A19103F-16F7-4668-BE54-9A1E7A4F7556}") = "Foundation4", "final\Foundation4\Foundation4.csproj", "{B10BF17D-7D24-4364-A16D-B9ADF482A5F1}"
EndProject
Project("{2150E333-8FDC-42A3-9474-1A3956D46DE8}") = "prepare", "prepare", "{4BE9FABA-14EC-4A98-9C12-11D4C9D0A0D3}"
EndProject
Project("{9A19103F-16F7-4668-BE54-9A1E7A4F7556}") = "Learning02", "prepare\Learning02\Learning02.csproj", "{4C1994C9-D41A-4128-8E1A-49590C4059DF}"
EndProject
Project("{9A19103F-16F7-4668-BE54-9A1E7A4F7556}") = "Learning03", "prepare\Learning03\Learning03.csproj", "{C1527745-4592-43D8-8066-D696376B99CA}"
EndProject
Project("{9A19103F-16F7-4668-BE54-9A1E7A4F7556}") = "Learning04", "prepare\Learning04\Learning04.csproj", "{8999E53B-60A4-4DEA-99BC-C857E3FB9F7C}"
EndProject
Project("{9A19103F-16F7-4668-BE54-9A1E7A4F7556}") = "Learning05", "prepare\Learning05\Learning05.csproj", "{D90653D8-3C73-4D35-926C-3056126C39F0}"
EndProject
Project("{2150E333-8FDC-42A3-9474-1A3956D46DE8}") = "prove", "prove", "{6DA31E77-F980-4B55-934B-12D71182182D}"
EndProject
Project("{9A19103F-16F7-4668-BE54-9A1E7A4F7556}") = "Develop02", "prove\Develop02\Develop02.csproj", "{D434ABDD-CF07-42E8-9D7A-ABE9979D9131}"
EndProject
Project("{9A19103F-16F7-4668-BE54-9A1E7A4F7556}") = "Develop03", "prove\Develop03\Develop03.csproj", "{6C36942F-02DF-472D-A39D-A29962126912}"
EndProject
Project("{9A19103F-16F7-4668-BE54-9A1E7A4F7556}") = "Develop04", "prove\Develop04\Develop04.csproj", "{AFA17DF3-9CEF-409F-8C4C-58186A7C979B}"
EndProject
Project("{9A19103F-16F7-4668-BE54-9A1E7A4F7556}") = "Develop05", "prove\Develop05\Develop05.csproj", "{2CE73886-896C-45C2-A758-064FB7FD6974}"
EndProject
Project("{2150E333-8FDC-42A3-9474-1A3956D46DE8}") = "sandbox", "sandbox", "{D1A558C7-FA00-4A7C-B435-936E017D8DBF}"
EndProject
Project("{9A19103F-16F7-4668-BE54-9A1E7A4F7556}") = "Sandbox", "sandbox\Sandbox\Sandbox.csproj", "{3D9103BF-4C41-40C5-8C30-3691CAFC0263}"
EndProject
Global
	GlobalSection(SolutionConfigurationPlatforms) = preSolution
		Debug|Any CPU = Debug|Any CPU
		Release|Any CPU = Release|Any CPU
	EndGlobalSection
	GlobalSection(ProjectConfigurationPlatforms) = postSolution
		{26EFFF81-79DB-4226-8DDA-60B6797254F5}.Debug|Any CPU.ActiveCfg = Debug|Any CPU
		{26EFFF81-79DB-4226-8DDA-60B6797254F5}.Debug|Any CPU.Build.0 = Debug|Any CPU
		{26EFFF81-79DB-4226-8DDA-60B6797254F5}.Release|Any CPU.ActiveCfg = Release|Any CPU
		{26EFFF81-79DB-4226-8DDA-60B6797254F5}.Release|Any CPU.Build.0 = Release|Any CPU
		{2F9C8D2A-B834-4436-BB54-1EFD147F7EAA}.Debug|Any CPU.ActiveCfg = Debug|Any CPU
		{2F9C8D2A-B834-4436-BB54-1EFD147F7EAA}.Debug|Any CPU.Build.0 = Debug|Any CPU
		{2F9C8D2A-B834-4436-BB54-1EFD147F7EAA}.Release|Any CPU.ActiveCfg = Release|Any CPU
		{2F9C8D2A-B834-4436-BB54-1EFD147F7EAA}.Release|Any CPU.Build.0 = Release|Any CPU
		{47A9DDD3-C23E-456B-93C6-1D826525E101}.Debug|Any CPU.ActiveCfg = Debug|Any CPU
		{47A9DDD3-C23E-456B-93C6-1D826525E101}.Debug|Any CPU.Build.0 = Debug|Any CPU
		{47A9DDD3-C23E-456B-93C6-1D826525E101}.Release|Any CPU.ActiveCfg = Release|Any CPU
		{47A9DDD3-C23E-456B-93C6-1D826525E101}.Release|Any CPU.Build.0 = Release|Any CPU
		{913609C7-50B5-4611-BA8F-DDAF8F346158}.Debug|Any CPU.ActiveCfg = Debug|Any CPU
		{913609C7-50B5-4611-BA8F-DDAF8F346158}.Debug|Any CPU.Build.0 = Debug|Any CPU
		{913609C7-50B5-4611-BA8F-DDAF8F346158}.Release|Any CPU.ActiveCfg = Release|Any CPU
		{913609C7-50B5-4611-BA8F-DDAF8F346158}.Release|Any CPU.Build.0 = Release|Any CPU
		{0435BE81-EF2A-4ACB-9FBE-E01F75787828}.Debug|Any CPU.ActiveCfg = Debug|Any CPU
		{0435BE81-EF2A-4ACB-9FBE-E01F75787828}.Debug|Any CPU.Build.0 = Debug|Any CPU
		{0435BE81-EF2A-4ACB-9FBE-E01F75787828}.Release|Any CPU.ActiveCfg = Release|Any CPU
		{0435BE81-EF2A-4ACB-9FBE-E01F75787828}.Release|Any CPU.Build.0 = Release|Any CPU
		{38CB0201-5CD5-46EA-9AD8-EAD8AFEA89E9}.Debug|Any CPU.ActiveCfg = Debug|Any CPU
		{38CB0201-5CD5-46EA-9AD8-EAD8AFEA89E9}.Debug|Any CPU.Build.0 = Debug|Any CPU
		{38CB0201-5CD5-46EA-9AD8-EAD8AFEA89E9}.Release|Any CPU.ActiveCfg = Release|Any CPU
		{38CB0201-5CD5-46EA-9AD8-EAD8AFEA89E9}.Release|Any CPU.Build.0 = Release|Any CPU
		{CCB12541-1A25-4A54-A22F-C06F67D55BCE}.Debug|Any CPU.ActiveCfg = Debug|Any CPU
		{CCB12541-1A25-4A54-A22F-C06F67D55BCE}.Debug|Any CPU.Build.0 = Debug|Any CPU
		{CCB12541-1A25-4A54-A22F-C06F67D55BCE}.Release|Any CPU.ActiveCfg = Release|Any CPU
		{CCB12541-1A25-4A54-A22F-C06F67D55BCE}.Release|Any CPU.Build.0 = Release|Any CPU
		{D8C773C8-1329-4FDE-B9A4-0D4B5B4CD342}.Debug|Any CPU.ActiveCfg = Debug|Any CPU
		{D8C773C8-1329-4FDE-B9A4-0D4B5B4CD342}.Debug|Any CPU.Build.0 = Debug|Any CPU
		{D8C773C8-1329-4FDE-B9A4-0D4B5B4CD342}.Release|Any CPU.ActiveCfg = Release|Any CPU
		{D8C773C8-1329-4FDE-B9A4-0D4B5B4CD342}.Release|Any CPU.Build.0 = Release|Any CPU
		{FC47064A-5B13-4062-A663-F109C6ED10BD}.Debug|Any CPU.ActiveCfg = Debug|Any CPU
		{FC47064A-5B13-4062-A663-F109C6ED10BD}.Debug|Any CPU.Build.0 = Debug|Any CPU
		{FC47064A-5B13-4062-A663-F109C6ED10BD}.Release|Any CPU.ActiveCfg = Release|Any CPU
		{FC47064A-5B13-4062-A663-F109C6ED10BD}.Release|Any CPU.Build.0 = Release|Any CPU
		{B10BF17D-7D24-4364-A16D-B9ADF482A5F1}.Debug|Any CPU.ActiveCfg = Debug|Any CPU
		{B10BF17D-7D24-4364-A16D-B9ADF482A5F1}.Debug|Any CPU.Build.0 = Debug|Any CPU
		{B10BF17D-7D24-4364-A16D-B9ADF482A5F1}.Release|Any CPU.ActiveCfg = Release|Any CPU
		{B10BF17D-7D24-4364-A16D-B9ADF482A5F1}.Release|Any CPU.Build.0 = Release|Any CPU
		{4C1994C9-D41A-4128-8E1A-49590C4059DF}.Debug|Any CPU.ActiveCfg = Debug|Any CPU
		{4C1994C9-D41A-4128-8E1A-49590C4059DF}.Debug|Any CPU.Build.0 = Debug|Any CPU
		{4C1994C9-D41A-4128-8E1A-49590C4059DF}.Release|Any CPU.ActiveCfg = Release|Any CPU
		{4C1994C9-D41A-4128-8E1A-49590C4059DF}.Release|Any CPU.Build.0 = Release|Any CPU
		{C1527745-4592-43D8-8066-D696376B99CA}.Debug|Any CPU.ActiveCfg = Debug|Any CPU
		{C1527745-4592-43D8-8066-D696376B99CA}.Debug|Any CPU.Build.0 = Debug|Any CPU
		{C1527745-4592-43D8-8066-D696376B99CA}.Release|Any CPU.ActiveCfg = Release|Any CPU
		{C1527745-4592-43D8-8066-D696376B99CA}.Release|Any CPU.Build.0 = Release|Any CPU
		{8999E53B-60A4-4DEA-99BC-C857E3FB9F7C}.Debug|Any CPU.ActiveCfg = Debug|Any CPU
		{8999E53B-60A4-4DEA-99BC-C857E3FB9F7C}.Debug|Any CPU.Build.0 = Debug|Any CPU
		{8999E53B-60A4-4DEA-99BC-C857E3FB9F7C}.Release|Any CPU.ActiveCfg = Release|Any CPU
		{8999E53B-60A4-4DEA-99BC-C857E3FB9F7C}.Release|Any CPU.Build.0 = Release|Any CPU
		{D90653D8-3C73-4D35-926C-3056126C39F0}.Debug|Any CPU.ActiveCfg = Debug|Any CPU
		{D90653D8-3C73-4D35-926C-3056126C39F0}.Debug|Any CPU.Build.0 = Debug|Any CPU
		{D90653D8-3C73-4D35-926C-3056126C39F0}.Release|Any CPU.ActiveCfg = Release|Any CPU
		{D90653D8-3C73-4D35-926C-3056126C39F0}.Release|Any CPU.Build.0 = Release|Any CPU
		{D434ABDD-CF07-42E8-9D7A-ABE9979D9131}.Debug|Any CPU.ActiveCfg = Debug|Any CPU
		{D434ABDD-CF07-42E8-9D7A-ABE9979D9131}.Debug|Any CPU.Build.0 = Debug|Any CPU
		{D434ABDD-CF07-42E8-9D7A-ABE9979D9131}.Release|Any CPU.ActiveCfg = Release|Any CPU
		{D434ABDD-CF07-42E8-9D7A-ABE9979D9131}.Release|Any CPU.Build.0 = Release|Any CPU
		{6C36942F-02DF-472D-A39D-A29962126912}.Debug|Any CPU.ActiveCfg = Debug|Any CPU
		{6C36942F-02DF-472D-A39D-A29962126912}.Debug|Any CPU.Build.0 = Debug|Any CPU
		{6C36942F-02DF-472D-A39D-A29962126912}.Release|Any CPU.ActiveCfg = Release|Any CPU
		{6C36942F-02DF-472D-A39D-A29962126912}.Release|Any CPU.Build.0 = Release|Any CPU
		{AFA17DF3-9CEF-409F-8C4C-58186A7C979B}.Debug|Any CPU.ActiveCfg = Debug|Any CPU
		{AFA17DF3-9CEF-409F-8C4C-58186A7C979B}.Debug|Any CPU.Build.0 = Debug|Any CPU
		{AFA17DF3-9CEF-409F-8C4C-58186A7C979B}.Release|Any CPU.ActiveCfg = Release|Any CPU
		{AFA17DF3-9CEF-409F-8C4C-58186A7C979B}.Release|Any CPU.Build.0 = Release|Any CPU
		{2CE73886-896C-45C2-A758-064FB7FD6974}.Debug|Any CPU.ActiveCfg = Debug|Any CPU
		{2CE73886-896C-45C2-A758-064FB7FD6974}.Debug|Any CPU.Build.0 = Debug|Any CPU
		{2CE73886-896C-45C2-A758-064FB7FD6974}.Release|Any CPU.ActiveCfg = Release|Any CPU
		{2CE73886-896C-45C2-A758-064FB7FD6974}.Release|Any CPU.Build.0 = Release|Any CPU
		{3D9103BF-4C41-40C5-8C30-3691CAFC0263}.Debug|Any CPU.ActiveCfg = Debug|Any CPU
		{3D9103BF-4C41-40C5-8C30-3691CAFC0263}.Debug|Any CPU.Build.0 = Debug|Any CPU
		{3D9103BF-4C41-40C5-8C30-3691CAFC0263}.Release|Any CPU.ActiveCfg = Release|Any CPU
		{3D9103BF-4C41-40C5-8C30-3691CAFC0263}.Release|Any CPU.Build.0 = Release|Any CPU
	EndGlobalSection
	GlobalSection(SolutionProperties) = preSolution
		HideSolutionNode = FALSE
	EndGlobalSection
	GlobalSection(NestedProjects) = preSolution
		{26EFFF81-79DB-4226-8DDA-60B6797254F5} = {37411C09-7786-410C-9158-D9135977AB92}
		{2F9C8D2A-B834-4436-BB54-1EFD147F7EAA} = {37411C09-7786-410C-9158-D9135977AB92}
		{47A9DDD3-C23E-456B-93C6-1D826525E101} = {37411C09-7786-410C-9158-D9135977AB92}
		{913609C7-50B5-4611-BA8F-DDAF8F346158} = {37411C09-7786-410C-9158-D9135977AB92}
		{0435BE81-EF2A-4ACB-9FBE-E01F75787828} = {37411C09-7786-410C-9158-D9135977AB92}
		{38CB0201-5CD5-46EA-9AD8-EAD8AFEA89E9} = {94F2E505-A928-4EF2-8D14-8D1B6A6508B7}
		{CCB12541-1A25-4A54-A22F-C06F67D55BCE} = {94F2E505-A928-4EF2-8D14-8D1B6A6508B7}
		{D8C773C8-1329-4FDE-B9A4-0D4B5B4CD342} = {94F2E505-A928-4EF2-8D14-8D1B6A6508B7}
		{FC47064A-5B13-4062-A663-F109C6ED10BD} = {94F2E505-A928-4EF2-8D14-8D1B6A6508B7}
		{B10BF17D-7D24-4364-A16D-B9ADF482A5F1} = {94F2E505-A928-4EF2-8D14-8D1B6A6508B7}
		{4C1994C9-D41A-4128-8E1A-49590C4059DF} = {4BE9FABA-14EC-4A98-9C12-11D4C9D0A0D3}
		{C1527745-4592-43D8-8066-D696376B99CA} = {4BE9FABA-14EC-4A98-9C12-11D4C9D0A0D3}
		{8999E53B-60A4-4DEA-99BC-C857E3FB9F7C} = {4BE9FABA-14EC-4A98-9C12-11D4C9D0A0D3}
		{D90653D8-3C73-4D35-926C-3056126C39F0} = {4BE9FABA-14EC-4A98-9C12-11D4C9D0A0D3}
		{D434ABDD-CF07-42E8-9D7A-ABE9979D9131} = {6DA31E77-F980-4B55-934B-12D71182182D}
		{6C36942F-02DF-472D-A39D-A29962126912} = {6DA31E77-F980-4B55-934B-12D71182182D}
		{AFA17DF3-9CEF-409F-8C4C-58186A7C979B} = {6DA31E77-F980-4B55-934B-12D71182182D}
		{2CE73886-896C-45C2-A758-064FB7FD6974} = {6DA31E77-F980-4B55-934B-12D71182182D}
		{3D9103BF-4C41-40C5-8C30-3691CAFC0263} = {D1A558C7-FA00-4A7C-B435-936E017D8DBF}
	EndGlobalSection
	GlobalSection(ExtensibilityGlobals) = postSolution
		SolutionGuid = {E3F895DD-0065-481F-A262-392996380B28}
	EndGlobalSection
EndGlobal
